
Microsoft Visual Studio Solution File, Format Version 12.00
# Visual Studio Version 17
VisualStudioVersion = 17.9.34723.18
MinimumVisualStudioVersion = 10.0.40219.1
Project("{FAE04EC0-301F-11D3-BF4B-00C04F79EFBC}") = "MereDansk", "MereDansk.csproj", "{06CA9837-D886-428D-9D25-765C12E1A7A2}"
EndProject
Global
	GlobalSection(SolutionConfigurationPlatforms) = preSolution
		Debug|Any CPU = Debug|Any CPU
		Release|Any CPU = Release|Any CPU
	EndGlobalSection
	GlobalSection(ProjectConfigurationPlatforms) = postSolution
		{06CA9837-D886-428D-9D25-765C12E1A7A2}.Debug|Any CPU.ActiveCfg = Debug|Any CPU
		{06CA9837-D886-428D-9D25-765C12E1A7A2}.Debug|Any CPU.Build.0 = Debug|Any CPU
		{06CA9837-D886-428D-9D25-765C12E1A7A2}.Debug|Any CPU.Deploy.0 = Debug|Any CPU
		{06CA9837-D886-428D-9D25-765C12E1A7A2}.Release|Any CPU.ActiveCfg = Release|Any CPU
		{06CA9837-D886-428D-9D25-765C12E1A7A2}.Release|Any CPU.Build.0 = Release|Any CPU
		{06CA9837-D886-428D-9D25-765C12E1A7A2}.Release|Any CPU.Deploy.0 = Release|Any CPU
	EndGlobalSection
	GlobalSection(SolutionProperties) = preSolution
		HideSolutionNode = FALSE
	EndGlobalSection
	GlobalSection(ExtensibilityGlobals) = postSolution
		SolutionGuid = {A8807755-B96D-4150-8EBF-C7790951AF09}
	EndGlobalSection
EndGlobal
